
Microsoft Visual Studio Solution File, Format Version 12.00
# Visual Studio Version 17
VisualStudioVersion = 17.14.36518.9 d17.14
MinimumVisualStudioVersion = 10.0.40219.1
Project("{FAE04EC0-301F-11D3-BF4B-00C04F79EFBC}") = "StaskoFy", "StaskoFy\StaskoFy.csproj", "{B79ACEF0-1450-45BD-8CC7-15E05104E7A7}"
EndProject
Global
	GlobalSection(SolutionConfigurationPlatforms) = preSolution
		Debug|Any CPU = Debug|Any CPU
		Release|Any CPU = Release|Any CPU
	EndGlobalSection
	GlobalSection(ProjectConfigurationPlatforms) = postSolution
		{B79ACEF0-1450-45BD-8CC7-15E05104E7A7}.Debug|Any CPU.ActiveCfg = Debug|Any CPU
		{B79ACEF0-1450-45BD-8CC7-15E05104E7A7}.Debug|Any CPU.Build.0 = Debug|Any CPU
		{B79ACEF0-1450-45BD-8CC7-15E05104E7A7}.Release|Any CPU.ActiveCfg = Release|Any CPU
		{B79ACEF0-1450-45BD-8CC7-15E05104E7A7}.Release|Any CPU.Build.0 = Release|Any CPU
	EndGlobalSection
	GlobalSection(SolutionProperties) = preSolution
		HideSolutionNode = FALSE
	EndGlobalSection
	GlobalSection(ExtensibilityGlobals) = postSolution
		SolutionGuid = {2758EAD1-ED59-490F-ADB2-468A7D42B1A1}
	EndGlobalSection
EndGlobal
